
Microsoft Visual Studio Solution File, Format Version 12.00
# Visual Studio Version 17
VisualStudioVersion = 17.9.34723.18
MinimumVisualStudioVersion = 10.0.40219.1
Project("{FAE04EC0-301F-11D3-BF4B-00C04F79EFBC}") = "NumbersApp", "NumbersApp\NumbersApp.csproj", "{EF13A08D-BA65-4748-8D28-2712D98E26D1}"
EndProject
Global
	GlobalSection(SolutionConfigurationPlatforms) = preSolution
		Debug|Any CPU = Debug|Any CPU
		Release|Any CPU = Release|Any CPU
	EndGlobalSection
	GlobalSection(ProjectConfigurationPlatforms) = postSolution
		{EF13A08D-BA65-4748-8D28-2712D98E26D1}.Debug|Any CPU.ActiveCfg = Debug|Any CPU
		{EF13A08D-BA65-4748-8D28-2712D98E26D1}.Debug|Any CPU.Build.0 = Debug|Any CPU
		{EF13A08D-BA65-4748-8D28-2712D98E26D1}.Release|Any CPU.ActiveCfg = Release|Any CPU
		{EF13A08D-BA65-4748-8D28-2712D98E26D1}.Release|Any CPU.Build.0 = Release|Any CPU
	EndGlobalSection
	GlobalSection(SolutionProperties) = preSolution
		HideSolutionNode = FALSE
	EndGlobalSection
	GlobalSection(ExtensibilityGlobals) = postSolution
		SolutionGuid = {34800656-8718-4D36-A70B-AE1547865238}
	EndGlobalSection
EndGlobal
